// !$*UTF8*$!
{
	archiveVersion = 1;
	classes = {
	};
	objectVersion = 50;
	objects = {

/* Begin PBXBuildFile section */
		5018224921524CAA005F0196 /* TileSets.sks in Resources */ = {isa = PBXBuildFile; fileRef = 5018224821524CAA005F0196 /* TileSets.sks */; };
		5041502A2152C0FE009962B0 /* Array2D.swift in Sources */ = {isa = PBXBuildFile; fileRef = 504150292152C0FE009962B0 /* Array2D.swift */; };
		50678FB3214F838000E84CF7 /* AppDelegate.swift in Sources */ = {isa = PBXBuildFile; fileRef = 50678FB2214F838000E84CF7 /* AppDelegate.swift */; };
		50678FB5214F838000E84CF7 /* MenuScene.sks in Resources */ = {isa = PBXBuildFile; fileRef = 50678FB4214F838000E84CF7 /* MenuScene.sks */; };
		50678FB7214F838000E84CF7 /* Actions.sks in Resources */ = {isa = PBXBuildFile; fileRef = 50678FB6214F838000E84CF7 /* Actions.sks */; };
		50678FB9214F838000E84CF7 /* GameScene.swift in Sources */ = {isa = PBXBuildFile; fileRef = 50678FB8214F838000E84CF7 /* GameScene.swift */; };
		50678FBB214F838000E84CF7 /* GameViewController.swift in Sources */ = {isa = PBXBuildFile; fileRef = 50678FBA214F838000E84CF7 /* GameViewController.swift */; };
		50678FBE214F838000E84CF7 /* Main.storyboard in Resources */ = {isa = PBXBuildFile; fileRef = 50678FBC214F838000E84CF7 /* Main.storyboard */; };
		50678FCB214F838200E84CF7 /* tetrisTests.swift in Sources */ = {isa = PBXBuildFile; fileRef = 50678FCA214F838200E84CF7 /* tetrisTests.swift */; };
		50678FD62150058000E84CF7 /* MenuScene.swift in Sources */ = {isa = PBXBuildFile; fileRef = 50678FD52150058000E84CF7 /* MenuScene.swift */; };
		50678FD921502D9300E84CF7 /* GameScene.sks in Resources */ = {isa = PBXBuildFile; fileRef = 50678FD821502D9300E84CF7 /* GameScene.sks */; };
		50678FDB21502E3400E84CF7 /* ScoreScene.sks in Resources */ = {isa = PBXBuildFile; fileRef = 50678FDA21502E3400E84CF7 /* ScoreScene.sks */; };
		50678FDD21502F2D00E84CF7 /* ScoreScene.swift in Sources */ = {isa = PBXBuildFile; fileRef = 50678FDC21502F2D00E84CF7 /* ScoreScene.swift */; };
		50B86BEF21524A920020DC87 /* Assets.xcassets in Resources */ = {isa = PBXBuildFile; fileRef = 50B86BEE21524A920020DC87 /* Assets.xcassets */; };
		50BF89E3215FA1FC00B15B7E /* GameOverScene.swift in Sources */ = {isa = PBXBuildFile; fileRef = 50BF89E2215FA1FC00B15B7E /* GameOverScene.swift */; };
		50D44AD5215F9E1600E9B9D8 /* GameOverScene.sks in Resources */ = {isa = PBXBuildFile; fileRef = 50D44AD4215F9E1600E9B9D8 /* GameOverScene.sks */; };
/* End PBXBuildFile section */

/* Begin PBXContainerItemProxy section */
		50678FC7214F838200E84CF7 /* PBXContainerItemProxy */ = {
			isa = PBXContainerItemProxy;
			containerPortal = 50678FA7214F838000E84CF7 /* Project object */;
			proxyType = 1;
			remoteGlobalIDString = 50678FAE214F838000E84CF7;
			remoteInfo = tetris;
		};
/* End PBXContainerItemProxy section */

/* Begin PBXFileReference section */
		5018224821524CAA005F0196 /* TileSets.sks */ = {isa = PBXFileReference; lastKnownFileType = file.sks; path = TileSets.sks; sourceTree = "<group>"; };
		504150292152C0FE009962B0 /* Array2D.swift */ = {isa = PBXFileReference; lastKnownFileType = sourcecode.swift; path = Array2D.swift; sourceTree = "<group>"; };
		50678FAF214F838000E84CF7 /* tetris.app */ = {isa = PBXFileReference; explicitFileType = wrapper.application; includeInIndex = 0; path = tetris.app; sourceTree = BUILT_PRODUCTS_DIR; };
		50678FB2214F838000E84CF7 /* AppDelegate.swift */ = {isa = PBXFileReference; lastKnownFileType = sourcecode.swift; path = AppDelegate.swift; sourceTree = "<group>"; };
		50678FB4214F838000E84CF7 /* MenuScene.sks */ = {isa = PBXFileReference; lastKnownFileType = file.sks; path = MenuScene.sks; sourceTree = "<group>"; };
		50678FB6214F838000E84CF7 /* Actions.sks */ = {isa = PBXFileReference; lastKnownFileType = file.sks; path = Actions.sks; sourceTree = "<group>"; };
		50678FB8214F838000E84CF7 /* GameScene.swift */ = {isa = PBXFileReference; lastKnownFileType = sourcecode.swift; path = GameScene.swift; sourceTree = "<group>"; };
		50678FBA214F838000E84CF7 /* GameViewController.swift */ = {isa = PBXFileReference; lastKnownFileType = sourcecode.swift; path = GameViewController.swift; sourceTree = "<group>"; };
		50678FBD214F838000E84CF7 /* Base */ = {isa = PBXFileReference; lastKnownFileType = file.storyboard; name = Base; path = Base.lproj/Main.storyboard; sourceTree = "<group>"; };
		50678FC1214F838200E84CF7 /* Info.plist */ = {isa = PBXFileReference; lastKnownFileType = text.plist.xml; path = Info.plist; sourceTree = "<group>"; };
		50678FC6214F838200E84CF7 /* tetrisTests.xctest */ = {isa = PBXFileReference; explicitFileType = wrapper.cfbundle; includeInIndex = 0; path = tetrisTests.xctest; sourceTree = BUILT_PRODUCTS_DIR; };
		50678FCA214F838200E84CF7 /* tetrisTests.swift */ = {isa = PBXFileReference; lastKnownFileType = sourcecode.swift; path = tetrisTests.swift; sourceTree = "<group>"; };
		50678FCC214F838200E84CF7 /* Info.plist */ = {isa = PBXFileReference; lastKnownFileType = text.plist.xml; path = Info.plist; sourceTree = "<group>"; };
		50678FD52150058000E84CF7 /* MenuScene.swift */ = {isa = PBXFileReference; lastKnownFileType = sourcecode.swift; path = MenuScene.swift; sourceTree = "<group>"; };
		50678FD821502D9300E84CF7 /* GameScene.sks */ = {isa = PBXFileReference; lastKnownFileType = file.sks; path = GameScene.sks; sourceTree = "<group>"; };
		50678FDA21502E3400E84CF7 /* ScoreScene.sks */ = {isa = PBXFileReference; lastKnownFileType = file.sks; path = ScoreScene.sks; sourceTree = "<group>"; };
		50678FDC21502F2D00E84CF7 /* ScoreScene.swift */ = {isa = PBXFileReference; lastKnownFileType = sourcecode.swift; path = ScoreScene.swift; sourceTree = "<group>"; };
		50B86BEE21524A920020DC87 /* Assets.xcassets */ = {isa = PBXFileReference; lastKnownFileType = folder.assetcatalog; path = Assets.xcassets; sourceTree = "<group>"; };
		50BF89E2215FA1FC00B15B7E /* GameOverScene.swift */ = {isa = PBXFileReference; lastKnownFileType = sourcecode.swift; path = GameOverScene.swift; sourceTree = "<group>"; };
		50D44AD4215F9E1600E9B9D8 /* GameOverScene.sks */ = {isa = PBXFileReference; lastKnownFileType = file.sks; path = GameOverScene.sks; sourceTree = "<group>"; };
/* End PBXFileReference section */

/* Begin PBXFrameworksBuildPhase section */
		50678FAC214F838000E84CF7 /* Frameworks */ = {
			isa = PBXFrameworksBuildPhase;
			buildActionMask = 2147483647;
			files = (
			);
			runOnlyForDeploymentPostprocessing = 0;
		};
		50678FC3214F838200E84CF7 /* Frameworks */ = {
			isa = PBXFrameworksBuildPhase;
			buildActionMask = 2147483647;
			files = (
			);
			runOnlyForDeploymentPostprocessing = 0;
		};
/* End PBXFrameworksBuildPhase section */

/* Begin PBXGroup section */
		5010F3F82152450F008FFB69 /* Tile Sets */ = {
			isa = PBXGroup;
			children = (
				5018224821524CAA005F0196 /* TileSets.sks */,
			);
			path = "Tile Sets";
			sourceTree = "<group>";
		};
		50678FA6214F838000E84CF7 = {
			isa = PBXGroup;
			children = (
				50678FB1214F838000E84CF7 /* tetris */,
				50678FC9214F838200E84CF7 /* tetrisTests */,
				50678FB0214F838000E84CF7 /* Products */,
			);
			sourceTree = "<group>";
		};
		50678FB0214F838000E84CF7 /* Products */ = {
			isa = PBXGroup;
			children = (
				50678FAF214F838000E84CF7 /* tetris.app */,
				50678FC6214F838200E84CF7 /* tetrisTests.xctest */,
			);
			name = Products;
			sourceTree = "<group>";
		};
		50678FB1214F838000E84CF7 /* tetris */ = {
			isa = PBXGroup;
			children = (
				50B86BEE21524A920020DC87 /* Assets.xcassets */,
				5010F3F82152450F008FFB69 /* Tile Sets */,
				50678FB2214F838000E84CF7 /* AppDelegate.swift */,
				50678FB4214F838000E84CF7 /* MenuScene.sks */,
				50678FD821502D9300E84CF7 /* GameScene.sks */,
				50678FDA21502E3400E84CF7 /* ScoreScene.sks */,
				50D44AD4215F9E1600E9B9D8 /* GameOverScene.sks */,
				50678FB6214F838000E84CF7 /* Actions.sks */,
				50678FB8214F838000E84CF7 /* GameScene.swift */,
				50678FD52150058000E84CF7 /* MenuScene.swift */,
				50678FDC21502F2D00E84CF7 /* ScoreScene.swift */,
				50678FBA214F838000E84CF7 /* GameViewController.swift */,
				50678FBC214F838000E84CF7 /* Main.storyboard */,
				50678FC1214F838200E84CF7 /* Info.plist */,
				504150292152C0FE009962B0 /* Array2D.swift */,
				50BF89E2215FA1FC00B15B7E /* GameOverScene.swift */,
			);
			path = tetris;
			sourceTree = "<group>";
		};
		50678FC9214F838200E84CF7 /* tetrisTests */ = {
			isa = PBXGroup;
			children = (
				50678FCA214F838200E84CF7 /* tetrisTests.swift */,
				50678FCC214F838200E84CF7 /* Info.plist */,
			);
			path = tetrisTests;
			sourceTree = "<group>";
		};
/* End PBXGroup section */

/* Begin PBXNativeTarget section */
		50678FAE214F838000E84CF7 /* tetris */ = {
			isa = PBXNativeTarget;
			buildConfigurationList = 50678FCF214F838200E84CF7 /* Build configuration list for PBXNativeTarget "tetris" */;
			buildPhases = (
				50678FAB214F838000E84CF7 /* Sources */,
				50678FAC214F838000E84CF7 /* Frameworks */,
				50678FAD214F838000E84CF7 /* Resources */,
			);
			buildRules = (
			);
			dependencies = (
			);
			name = tetris;
			productName = tetris;
			productReference = 50678FAF214F838000E84CF7 /* tetris.app */;
			productType = "com.apple.product-type.application";
		};
		50678FC5214F838200E84CF7 /* tetrisTests */ = {
			isa = PBXNativeTarget;
			buildConfigurationList = 50678FD2214F838200E84CF7 /* Build configuration list for PBXNativeTarget "tetrisTests" */;
			buildPhases = (
				50678FC2214F838200E84CF7 /* Sources */,
				50678FC3214F838200E84CF7 /* Frameworks */,
				50678FC4214F838200E84CF7 /* Resources */,
			);
			buildRules = (
			);
			dependencies = (
				50678FC8214F838200E84CF7 /* PBXTargetDependency */,
			);
			name = tetrisTests;
			productName = tetrisTests;
			productReference = 50678FC6214F838200E84CF7 /* tetrisTests.xctest */;
			productType = "com.apple.product-type.bundle.unit-test";
		};
/* End PBXNativeTarget section */

/* Begin PBXProject section */
		50678FA7214F838000E84CF7 /* Project object */ = {
			isa = PBXProject;
			attributes = {
				LastSwiftUpdateCheck = 0940;
				LastUpgradeCheck = 0940;
				ORGANIZATIONNAME = "Balint Zsombor Lakatos";
				TargetAttributes = {
					50678FAE214F838000E84CF7 = {
						CreatedOnToolsVersion = 9.4.1;
					};
					50678FC5214F838200E84CF7 = {
						CreatedOnToolsVersion = 9.4.1;
						TestTargetID = 50678FAE214F838000E84CF7;
					};
				};
			};
			buildConfigurationList = 50678FAA214F838000E84CF7 /* Build configuration list for PBXProject "tetris" */;
			compatibilityVersion = "Xcode 9.3";
			developmentRegion = en;
			hasScannedForEncodings = 0;
			knownRegions = (
				en,
				Base,
			);
			mainGroup = 50678FA6214F838000E84CF7;
			productRefGroup = 50678FB0214F838000E84CF7 /* Products */;
			projectDirPath = "";
			projectRoot = "";
			targets = (
				50678FAE214F838000E84CF7 /* tetris */,
				50678FC5214F838200E84CF7 /* tetrisTests */,
			);
		};
/* End PBXProject section */

/* Begin PBXResourcesBuildPhase section */
		50678FAD214F838000E84CF7 /* Resources */ = {
			isa = PBXResourcesBuildPhase;
			buildActionMask = 2147483647;
			files = (
				50678FBE214F838000E84CF7 /* Main.storyboard in Resources */,
				50678FD921502D9300E84CF7 /* GameScene.sks in Resources */,
				50678FB5214F838000E84CF7 /* MenuScene.sks in Resources */,
				50678FB7214F838000E84CF7 /* Actions.sks in Resources */,
				50D44AD5215F9E1600E9B9D8 /* GameOverScene.sks in Resources */,
				50678FDB21502E3400E84CF7 /* ScoreScene.sks in Resources */,
				50B86BEF21524A920020DC87 /* Assets.xcassets in Resources */,
				5018224921524CAA005F0196 /* TileSets.sks in Resources */,
			);
			runOnlyForDeploymentPostprocessing = 0;
		};
		50678FC4214F838200E84CF7 /* Resources */ = {
			isa = PBXResourcesBuildPhase;
			buildActionMask = 2147483647;
			files = (
			);
			runOnlyForDeploymentPostprocessing = 0;
		};
/* End PBXResourcesBuildPhase section */

/* Begin PBXSourcesBuildPhase section */
		50678FAB214F838000E84CF7 /* Sources */ = {
			isa = PBXSourcesBuildPhase;
			buildActionMask = 2147483647;
			files = (
				50678FB9214F838000E84CF7 /* GameScene.swift in Sources */,
				5041502A2152C0FE009962B0 /* Array2D.swift in Sources */,
				50BF89E3215FA1FC00B15B7E /* GameOverScene.swift in Sources */,
				50678FD62150058000E84CF7 /* MenuScene.swift in Sources */,
				50678FBB214F838000E84CF7 /* GameViewController.swift in Sources */,
				50678FB3214F838000E84CF7 /* AppDelegate.swift in Sources */,
				50678FDD21502F2D00E84CF7 /* ScoreScene.swift in Sources */,
			);
			runOnlyForDeploymentPostprocessing = 0;
		};
		50678FC2214F838200E84CF7 /* Sources */ = {
			isa = PBXSourcesBuildPhase;
			buildActionMask = 2147483647;
			files = (
				50678FCB214F838200E84CF7 /* tetrisTests.swift in Sources */,
			);
			runOnlyForDeploymentPostprocessing = 0;
		};
/* End PBXSourcesBuildPhase section */

/* Begin PBXTargetDependency section */
		50678FC8214F838200E84CF7 /* PBXTargetDependency */ = {
			isa = PBXTargetDependency;
			target = 50678FAE214F838000E84CF7 /* tetris */;
			targetProxy = 50678FC7214F838200E84CF7 /* PBXContainerItemProxy */;
		};
/* End PBXTargetDependency section */

/* Begin PBXVariantGroup section */
		50678FBC214F838000E84CF7 /* Main.storyboard */ = {
			isa = PBXVariantGroup;
			children = (
				50678FBD214F838000E84CF7 /* Base */,
			);
			name = Main.storyboard;
			sourceTree = "<group>";
		};
/* End PBXVariantGroup section */

/* Begin XCBuildConfiguration section */
		50678FCD214F838200E84CF7 /* Debug */ = {
			isa = XCBuildConfiguration;
			buildSettings = {
				ALWAYS_SEARCH_USER_PATHS = NO;
				CLANG_ANALYZER_NONNULL = YES;
				CLANG_ANALYZER_NUMBER_OBJECT_CONVERSION = YES_AGGRESSIVE;
				CLANG_CXX_LANGUAGE_STANDARD = "gnu++14";
				CLANG_CXX_LIBRARY = "libc++";
				CLANG_ENABLE_MODULES = YES;
				CLANG_ENABLE_OBJC_ARC = YES;
				CLANG_ENABLE_OBJC_WEAK = YES;
				CLANG_WARN_BLOCK_CAPTURE_AUTORELEASING = YES;
				CLANG_WARN_BOOL_CONVERSION = YES;
				CLANG_WARN_COMMA = YES;
				CLANG_WARN_CONSTANT_CONVERSION = YES;
				CLANG_WARN_DEPRECATED_OBJC_IMPLEMENTATIONS = YES;
				CLANG_WARN_DIRECT_OBJC_ISA_USAGE = YES_ERROR;
				CLANG_WARN_DOCUMENTATION_COMMENTS = YES;
				CLANG_WARN_EMPTY_BODY = YES;
				CLANG_WARN_ENUM_CONVERSION = YES;
				CLANG_WARN_INFINITE_RECURSION = YES;
				CLANG_WARN_INT_CONVERSION = YES;
				CLANG_WARN_NON_LITERAL_NULL_CONVERSION = YES;
				CLANG_WARN_OBJC_IMPLICIT_RETAIN_SELF = YES;
				CLANG_WARN_OBJC_LITERAL_CONVERSION = YES;
				CLANG_WARN_OBJC_ROOT_CLASS = YES_ERROR;
				CLANG_WARN_RANGE_LOOP_ANALYSIS = YES;
				CLANG_WARN_STRICT_PROTOTYPES = YES;
				CLANG_WARN_SUSPICIOUS_MOVE = YES;
				CLANG_WARN_UNGUARDED_AVAILABILITY = YES_AGGRESSIVE;
				CLANG_WARN_UNREACHABLE_CODE = YES;
				CLANG_WARN__DUPLICATE_METHOD_MATCH = YES;
				COPY_PHASE_STRIP = NO;
				DEBUG_INFORMATION_FORMAT = dwarf;
				ENABLE_STRICT_OBJC_MSGSEND = YES;
				ENABLE_TESTABILITY = YES;
				GCC_C_LANGUAGE_STANDARD = gnu11;
				GCC_DYNAMIC_NO_PIC = NO;
				GCC_NO_COMMON_BLOCKS = YES;
				GCC_OPTIMIZATION_LEVEL = 0;
				GCC_PREPROCESSOR_DEFINITIONS = (
					"DEBUG=1",
					"$(inherited)",
				);
				GCC_WARN_64_TO_32_BIT_CONVERSION = YES;
				GCC_WARN_ABOUT_RETURN_TYPE = YES_ERROR;
				GCC_WARN_UNDECLARED_SELECTOR = YES;
				GCC_WARN_UNINITIALIZED_AUTOS = YES_AGGRESSIVE;
				GCC_WARN_UNUSED_FUNCTION = YES;
				GCC_WARN_UNUSED_VARIABLE = YES;
				MTL_ENABLE_DEBUG_INFO = YES;
				ONLY_ACTIVE_ARCH = YES;
				SDKROOT = appletvos;
				SWIFT_ACTIVE_COMPILATION_CONDITIONS = DEBUG;
				SWIFT_OPTIMIZATION_LEVEL = "-Onone";
				TVOS_DEPLOYMENT_TARGET = 11.4;
			};
			name = Debug;
		};
		50678FCE214F838200E84CF7 /* Release */ = {
			isa = XCBuildConfiguration;
			buildSettings = {
				ALWAYS_SEARCH_USER_PATHS = NO;
				CLANG_ANALYZER_NONNULL = YES;
				CLANG_ANALYZER_NUMBER_OBJECT_CONVERSION = YES_AGGRESSIVE;
				CLANG_CXX_LANGUAGE_STANDARD = "gnu++14";
				CLANG_CXX_LIBRARY = "libc++";
				CLANG_ENABLE_MODULES = YES;
				CLANG_ENABLE_OBJC_ARC = YES;
				CLANG_ENABLE_OBJC_WEAK = YES;
				CLANG_WARN_BLOCK_CAPTURE_AUTORELEASING = YES;
				CLANG_WARN_BOOL_CONVERSION = YES;
				CLANG_WARN_COMMA = YES;
				CLANG_WARN_CONSTANT_CONVERSION = YES;
				CLANG_WARN_DEPRECATED_OBJC_IMPLEMENTATIONS = YES;
				CLANG_WARN_DIRECT_OBJC_ISA_USAGE = YES_ERROR;
				CLANG_WARN_DOCUMENTATION_COMMENTS = YES;
				CLANG_WARN_EMPTY_BODY = YES;
				CLANG_WARN_ENUM_CONVERSION = YES;
				CLANG_WARN_INFINITE_RECURSION = YES;
				CLANG_WARN_INT_CONVERSION = YES;
				CLANG_WARN_NON_LITERAL_NULL_CONVERSION = YES;
				CLANG_WARN_OBJC_IMPLICIT_RETAIN_SELF = YES;
				CLANG_WARN_OBJC_LITERAL_CONVERSION = YES;
				CLANG_WARN_OBJC_ROOT_CLASS = YES_ERROR;
				CLANG_WARN_RANGE_LOOP_ANALYSIS = YES;
				CLANG_WARN_STRICT_PROTOTYPES = YES;
				CLANG_WARN_SUSPICIOUS_MOVE = YES;
				CLANG_WARN_UNGUARDED_AVAILABILITY = YES_AGGRESSIVE;
				CLANG_WARN_UNREACHABLE_CODE = YES;
				CLANG_WARN__DUPLICATE_METHOD_MATCH = YES;
				COPY_PHASE_STRIP = NO;
				DEBUG_INFORMATION_FORMAT = "dwarf-with-dsym";
				ENABLE_NS_ASSERTIONS = NO;
				ENABLE_STRICT_OBJC_MSGSEND = YES;
				GCC_C_LANGUAGE_STANDARD = gnu11;
				GCC_NO_COMMON_BLOCKS = YES;
				GCC_WARN_64_TO_32_BIT_CONVERSION = YES;
				GCC_WARN_ABOUT_RETURN_TYPE = YES_ERROR;
				GCC_WARN_UNDECLARED_SELECTOR = YES;
				GCC_WARN_UNINITIALIZED_AUTOS = YES_AGGRESSIVE;
				GCC_WARN_UNUSED_FUNCTION = YES;
				GCC_WARN_UNUSED_VARIABLE = YES;
				MTL_ENABLE_DEBUG_INFO = NO;
				SDKROOT = appletvos;
				SWIFT_COMPILATION_MODE = wholemodule;
				SWIFT_OPTIMIZATION_LEVEL = "-O";
				TVOS_DEPLOYMENT_TARGET = 11.4;
				VALIDATE_PRODUCT = YES;
			};
			name = Release;
		};
		50678FD0214F838200E84CF7 /* Debug */ = {
			isa = XCBuildConfiguration;
			buildSettings = {
				ASSETCATALOG_COMPILER_APPICON_NAME = "App Icon & Top Shelf Image";
				ASSETCATALOG_COMPILER_LAUNCHIMAGE_NAME = LaunchImage;
				CODE_SIGN_STYLE = Automatic;
				DEVELOPMENT_TEAM = GTKB8ZF8GA;
				INFOPLIST_FILE = tetris/Info.plist;
				LD_RUNPATH_SEARCH_PATHS = (
					"$(inherited)",
					"@executable_path/Frameworks",
				);
				PRODUCT_BUNDLE_IDENTIFIER = com.tetris;
				PRODUCT_NAME = "$(TARGET_NAME)";
				SWIFT_VERSION = 4.0;
				TARGETED_DEVICE_FAMILY = 3;
			};
			name = Debug;
		};
		50678FD1214F838200E84CF7 /* Release */ = {
			isa = XCBuildConfiguration;
			buildSettings = {
				ASSETCATALOG_COMPILER_APPICON_NAME = "App Icon & Top Shelf Image";
				ASSETCATALOG_COMPILER_LAUNCHIMAGE_NAME = LaunchImage;
				CODE_SIGN_STYLE = Automatic;
				DEVELOPMENT_TEAM = GTKB8ZF8GA;
				INFOPLIST_FILE = tetris/Info.plist;
				LD_RUNPATH_SEARCH_PATHS = (
					"$(inherited)",
					"@executable_path/Frameworks",
				);
				PRODUCT_BUNDLE_IDENTIFIER = com.tetris;
				PRODUCT_NAME = "$(TARGET_NAME)";
				SWIFT_VERSION = 4.0;
				TARGETED_DEVICE_FAMILY = 3;
			};
			name = Release;
		};
		50678FD3214F838200E84CF7 /* Debug */ = {
			isa = XCBuildConfiguration;
			buildSettings = {
				ALWAYS_EMBED_SWIFT_STANDARD_LIBRARIES = YES;
				BUNDLE_LOADER = "$(TEST_HOST)";
				CODE_SIGN_STYLE = Automatic;
				DEVELOPMENT_TEAM = GTKB8ZF8GA;
				INFOPLIST_FILE = tetrisTests/Info.plist;
				LD_RUNPATH_SEARCH_PATHS = (
					"$(inherited)",
					"@executable_path/Frameworks",
					"@loader_path/Frameworks",
				);
				PRODUCT_BUNDLE_IDENTIFIER = com.tetrisTests;
				PRODUCT_NAME = "$(TARGET_NAME)";
				SWIFT_VERSION = 4.0;
				TARGETED_DEVICE_FAMILY = 3;
				TEST_HOST = "$(BUILT_PRODUCTS_DIR)/tetris.app/tetris";
			};
			name = Debug;
		};
		50678FD4214F838200E84CF7 /* Release */ = {
			isa = XCBuildConfiguration;
			buildSettings = {
				ALWAYS_EMBED_SWIFT_STANDARD_LIBRARIES = YES;
				BUNDLE_LOADER = "$(TEST_HOST)";
				CODE_SIGN_STYLE = Automatic;
				DEVELOPMENT_TEAM = GTKB8ZF8GA;
				INFOPLIST_FILE = tetrisTests/Info.plist;
				LD_RUNPATH_SEARCH_PATHS = (
					"$(inherited)",
					"@executable_path/Frameworks",
					"@loader_path/Frameworks",
				);
				PRODUCT_BUNDLE_IDENTIFIER = com.tetrisTests;
				PRODUCT_NAME = "$(TARGET_NAME)";
				SWIFT_VERSION = 4.0;
				TARGETED_DEVICE_FAMILY = 3;
				TEST_HOST = "$(BUILT_PRODUCTS_DIR)/tetris.app/tetris";
			};
			name = Release;
		};
/* End XCBuildConfiguration section */

/* Begin XCConfigurationList section */
		50678FAA214F838000E84CF7 /* Build configuration list for PBXProject "tetris" */ = {
			isa = XCConfigurationList;
			buildConfigurations = (
				50678FCD214F838200E84CF7 /* Debug */,
				50678FCE214F838200E84CF7 /* Release */,
			);
			defaultConfigurationIsVisible = 0;
			defaultConfigurationName = Release;
		};
		50678FCF214F838200E84CF7 /* Build configuration list for PBXNativeTarget "tetris" */ = {
			isa = XCConfigurationList;
			buildConfigurations = (
				50678FD0214F838200E84CF7 /* Debug */,
				50678FD1214F838200E84CF7 /* Release */,
			);
			defaultConfigurationIsVisible = 0;
			defaultConfigurationName = Release;
		};
		50678FD2214F838200E84CF7 /* Build configuration list for PBXNativeTarget "tetrisTests" */ = {
			isa = XCConfigurationList;
			buildConfigurations = (
				50678FD3214F838200E84CF7 /* Debug */,
				50678FD4214F838200E84CF7 /* Release */,
			);
			defaultConfigurationIsVisible = 0;
			defaultConfigurationName = Release;
		};
/* End XCConfigurationList section */
	};
	rootObject = 50678FA7214F838000E84CF7 /* Project object */;
}
